
Microsoft Visual Studio Solution File, Format Version 12.00
# Visual Studio Version 17
VisualStudioVersion = 17.1.32328.378
MinimumVisualStudioVersion = 10.0.40219.1
Project("{FAE04EC0-301F-11D3-BF4B-00C04F79EFBC}") = "NonLinearDataStructureProblem", "NonLinearDataStructureProblem.csproj", "{A98E19C8-627D-4489-BB8D-192E1650CD37}"
EndProject
Global
	GlobalSection(SolutionConfigurationPlatforms) = preSolution
		Debug|Any CPU = Debug|Any CPU
		Release|Any CPU = Release|Any CPU
	EndGlobalSection
	GlobalSection(ProjectConfigurationPlatforms) = postSolution
		{A98E19C8-627D-4489-BB8D-192E1650CD37}.Debug|Any CPU.ActiveCfg = Debug|Any CPU
		{A98E19C8-627D-4489-BB8D-192E1650CD37}.Debug|Any CPU.Build.0 = Debug|Any CPU
		{A98E19C8-627D-4489-BB8D-192E1650CD37}.Release|Any CPU.ActiveCfg = Release|Any CPU
		{A98E19C8-627D-4489-BB8D-192E1650CD37}.Release|Any CPU.Build.0 = Release|Any CPU
	EndGlobalSection
	GlobalSection(SolutionProperties) = preSolution
		HideSolutionNode = FALSE
	EndGlobalSection
	GlobalSection(ExtensibilityGlobals) = postSolution
		SolutionGuid = {6174ED80-2BB7-4C05-A4BD-0129C9AF5B91}
	EndGlobalSection
EndGlobal
